# This file was autogenerated by Stack.
# You should not edit this file by hand.
# For more information, please see the documentation at:
#   https://docs.haskellstack.org/en/stable/lock_files

packages:
- completed:
    hackage: AC-Angle-1.0@sha256:e1ffee97819283b714598b947de323254e368f6ae7d4db1d3618fa933f80f065,544
    pantry-tree:
      size: 210
      sha256: 7edd1f1a6228af27c0f0ae53e73468c1d7ac26166f2cb386962db7ff021a2714
  original:
    hackage: AC-Angle-1.0@sha256:e1ffee97819283b714598b947de323254e368f6ae7d4db1d3618fa933f80f065,544
snapshots:
- completed:
    size: 524804
    url: https://raw.githubusercontent.com/commercialhaskell/stackage-snapshots/master/lts/14/16.yaml
    sha256: 4d1519a4372d051d47a5eae2241cf3fb54e113d7475f89707ddb6ec06add2888
  original: lts-14.16
